// !$*UTF8*$!
{
	archiveVersion = 1;
	classes = {
	};
	objectVersion = 56;
	objects = {

/* Begin PBXBuildFile section */
		16F250752E8FD5F100FF3A0F /* Auth in Frameworks */ = {isa = PBXBuildFile; productRef = 16F250742E8FD5F100FF3A0F /* Auth */; };
		16F250772E8FD5F100FF3A0F /* Functions in Frameworks */ = {isa = PBXBuildFile; productRef = 16F250762E8FD5F100FF3A0F /* Functions */; };
		16F250792E8FD5F100FF3A0F /* PostgREST in Frameworks */ = {isa = PBXBuildFile; productRef = 16F250782E8FD5F100FF3A0F /* PostgREST */; };
		16F2507B2E8FD5F100FF3A0F /* Realtime in Frameworks */ = {isa = PBXBuildFile; productRef = 16F2507A2E8FD5F100FF3A0F /* Realtime */; };
		16F2507D2E8FD5F100FF3A0F /* Storage in Frameworks */ = {isa = PBXBuildFile; productRef = 16F2507C2E8FD5F100FF3A0F /* Storage */; };
		16F2507F2E8FD5F100FF3A0F /* Supabase in Frameworks */ = {isa = PBXBuildFile; productRef = 16F2507E2E8FD5F100FF3A0F /* Supabase */; };
		1A0000000000000000000001 /* VeramoApp.swift in Sources */ = {isa = PBXBuildFile; fileRef = 1A0000000000000000000002 /* VeramoApp.swift */; };
		1A0000000000000000000003 /* ContentView.swift in Sources */ = {isa = PBXBuildFile; fileRef = 1A0000000000000000000004 /* ContentView.swift */; };
		1A0000000000000000000005 /* Assets.xcassets in Resources */ = {isa = PBXBuildFile; fileRef = 1A0000000000000000000006 /* Assets.xcassets */; };
		1A0000000000000000000007 /* Preview Assets.xcassets in Resources */ = {isa = PBXBuildFile; fileRef = 1A0000000000000000000008 /* Preview Assets.xcassets */; };
		1A0000000000000000000009 /* MainTabView.swift in Sources */ = {isa = PBXBuildFile; fileRef = 1A000000000000000000000A /* MainTabView.swift */; };
		1A000000000000000000000B /* TodayView.swift in Sources */ = {isa = PBXBuildFile; fileRef = 1A000000000000000000000C /* TodayView.swift */; };
		1A000000000000000000000D /* PersonalGalleryView.swift in Sources */ = {isa = PBXBuildFile; fileRef = 1A000000000000000000000E /* PersonalGalleryView.swift */; };
		1A000000000000000000000F /* CreateMemoryView.swift in Sources */ = {isa = PBXBuildFile; fileRef = 1A0000000000000000000010 /* CreateMemoryView.swift */; };
		1A0000000000000000000011 /* CalendarView.swift in Sources */ = {isa = PBXBuildFile; fileRef = 1A0000000000000000000012 /* CalendarView.swift */; };
		1A0000000000000000000013 /* SettingsView.swift in Sources */ = {isa = PBXBuildFile; fileRef = 1A0000000000000000000014 /* SettingsView.swift */; };
		1A0000000000000000000015 /* CropImageView.swift in Sources */ = {isa = PBXBuildFile; fileRef = 1A0000000000000000000016 /* CropImageView.swift */; };
		1A0000000000000000000017 /* AdaptiveButton.swift in Sources */ = {isa = PBXBuildFile; fileRef = 1A0000000000000000000018 /* AdaptiveButton.swift */; };
		1A0000000000000000000019 /* LiquidGlassButton.swift in Sources */ = {isa = PBXBuildFile; fileRef = 1A000000000000000000001A /* LiquidGlassButton.swift */; };
		1A000000000000000000001B /* FallbackButton.swift in Sources */ = {isa = PBXBuildFile; fileRef = 1A000000000000000000001C /* FallbackButton.swift */; };
		2B0000000000000000000001 /* SupabaseConfig.swift in Sources */ = {isa = PBXBuildFile; fileRef = 2B0000000000000000000002 /* SupabaseConfig.swift */; };
		2B0000000000000000000003 /* SupabaseService.swift in Sources */ = {isa = PBXBuildFile; fileRef = 2B0000000000000000000004 /* SupabaseService.swift */; };
		2B0000000000000000000005 /* AuthViewModel.swift in Sources */ = {isa = PBXBuildFile; fileRef = 2B0000000000000000000006 /* AuthViewModel.swift */; };
		2B0000000000000000000007 /* AuthView.swift in Sources */ = {isa = PBXBuildFile; fileRef = 2B0000000000000000000008 /* AuthView.swift */; };
/* End PBXBuildFile section */

/* Begin PBXFileReference section */
		16F250802E8FF2E400FF3A0F /* Info.plist */ = {isa = PBXFileReference; lastKnownFileType = text.plist; path = Info.plist; sourceTree = "<group>"; };
		16F250812E8FF55800FF3A0F /* VeramoApp.entitlements */ = {isa = PBXFileReference; lastKnownFileType = text.plist.entitlements; path = VeramoApp.entitlements; sourceTree = "<group>"; };
		1A0000000000000000000002 /* VeramoApp.swift */ = {isa = PBXFileReference; lastKnownFileType = sourcecode.swift; path = VeramoApp.swift; sourceTree = "<group>"; };
		1A0000000000000000000004 /* ContentView.swift */ = {isa = PBXFileReference; lastKnownFileType = sourcecode.swift; path = ContentView.swift; sourceTree = "<group>"; };
		1A0000000000000000000006 /* Assets.xcassets */ = {isa = PBXFileReference; lastKnownFileType = folder.assetcatalog; path = Assets.xcassets; sourceTree = "<group>"; };
		1A0000000000000000000008 /* Preview Assets.xcassets */ = {isa = PBXFileReference; lastKnownFileType = folder.assetcatalog; path = "Preview Assets.xcassets"; sourceTree = "<group>"; };
		1A000000000000000000000A /* MainTabView.swift */ = {isa = PBXFileReference; lastKnownFileType = sourcecode.swift; path = MainTabView.swift; sourceTree = "<group>"; };
		1A000000000000000000000C /* TodayView.swift */ = {isa = PBXFileReference; lastKnownFileType = sourcecode.swift; path = TodayView.swift; sourceTree = "<group>"; };
		1A000000000000000000000E /* PersonalGalleryView.swift */ = {isa = PBXFileReference; lastKnownFileType = sourcecode.swift; path = PersonalGalleryView.swift; sourceTree = "<group>"; };
		1A0000000000000000000010 /* CreateMemoryView.swift */ = {isa = PBXFileReference; lastKnownFileType = sourcecode.swift; path = CreateMemoryView.swift; sourceTree = "<group>"; };
		1A0000000000000000000012 /* CalendarView.swift */ = {isa = PBXFileReference; lastKnownFileType = sourcecode.swift; path = CalendarView.swift; sourceTree = "<group>"; };
		1A0000000000000000000014 /* SettingsView.swift */ = {isa = PBXFileReference; lastKnownFileType = sourcecode.swift; path = SettingsView.swift; sourceTree = "<group>"; };
		1A0000000000000000000016 /* CropImageView.swift */ = {isa = PBXFileReference; lastKnownFileType = sourcecode.swift; path = CropImageView.swift; sourceTree = "<group>"; };
		1A0000000000000000000018 /* AdaptiveButton.swift */ = {isa = PBXFileReference; lastKnownFileType = sourcecode.swift; path = AdaptiveButton.swift; sourceTree = "<group>"; };
		1A000000000000000000001A /* LiquidGlassButton.swift */ = {isa = PBXFileReference; lastKnownFileType = sourcecode.swift; path = LiquidGlassButton.swift; sourceTree = "<group>"; };
		1A000000000000000000001C /* FallbackButton.swift */ = {isa = PBXFileReference; lastKnownFileType = sourcecode.swift; path = FallbackButton.swift; sourceTree = "<group>"; };
		1A000000000000000000001D /* VeramoApp.app */ = {isa = PBXFileReference; explicitFileType = wrapper.application; includeInIndex = 0; path = VeramoApp.app; sourceTree = BUILT_PRODUCTS_DIR; };
		2B0000000000000000000002 /* SupabaseConfig.swift */ = {isa = PBXFileReference; lastKnownFileType = sourcecode.swift; path = SupabaseConfig.swift; sourceTree = "<group>"; };
		2B0000000000000000000004 /* SupabaseService.swift */ = {isa = PBXFileReference; lastKnownFileType = sourcecode.swift; path = SupabaseService.swift; sourceTree = "<group>"; };
		2B0000000000000000000006 /* AuthViewModel.swift */ = {isa = PBXFileReference; lastKnownFileType = sourcecode.swift; path = AuthViewModel.swift; sourceTree = "<group>"; };
		2B0000000000000000000008 /* AuthView.swift */ = {isa = PBXFileReference; lastKnownFileType = sourcecode.swift; path = AuthView.swift; sourceTree = "<group>"; };
/* End PBXFileReference section */

/* Begin PBXFrameworksBuildPhase section */
		1A000000000000000000001E /* Frameworks */ = {
			isa = PBXFrameworksBuildPhase;
			buildActionMask = 2147483647;
			files = (
				16F250792E8FD5F100FF3A0F /* PostgREST in Frameworks */,
				16F250772E8FD5F100FF3A0F /* Functions in Frameworks */,
				16F2507F2E8FD5F100FF3A0F /* Supabase in Frameworks */,
				16F250752E8FD5F100FF3A0F /* Auth in Frameworks */,
				16F2507D2E8FD5F100FF3A0F /* Storage in Frameworks */,
				16F2507B2E8FD5F100FF3A0F /* Realtime in Frameworks */,
			);
			runOnlyForDeploymentPostprocessing = 0;
		};
/* End PBXFrameworksBuildPhase section */

/* Begin PBXGroup section */
		1A000000000000000000001F /* VeramoApp */ = {
			isa = PBXGroup;
			children = (
				16F250812E8FF55800FF3A0F /* VeramoApp.entitlements */,
				16F250802E8FF2E400FF3A0F /* Info.plist */,
				1A0000000000000000000002 /* VeramoApp.swift */,
				1A0000000000000000000004 /* ContentView.swift */,
				2B0000000000000000000009 /* Config */,
				2B000000000000000000000A /* Services */,
				2B000000000000000000000B /* ViewModels */,
				1A0000000000000000000020 /* Views */,
				1A0000000000000000000006 /* Assets.xcassets */,
				1A0000000000000000000021 /* Preview Content */,
			);
			path = VeramoApp;
			sourceTree = "<group>";
		};
		1A0000000000000000000020 /* Views */ = {
			isa = PBXGroup;
			children = (
				1A000000000000000000000A /* MainTabView.swift */,
				1A000000000000000000000C /* TodayView.swift */,
				1A000000000000000000000E /* PersonalGalleryView.swift */,
				1A0000000000000000000010 /* CreateMemoryView.swift */,
				1A0000000000000000000012 /* CalendarView.swift */,
				1A0000000000000000000014 /* SettingsView.swift */,
				1A0000000000000000000016 /* CropImageView.swift */,
				2B0000000000000000000008 /* AuthView.swift */,
				1A0000000000000000000022 /* Components */,
			);
			path = Views;
			sourceTree = "<group>";
		};
		1A0000000000000000000021 /* Preview Content */ = {
			isa = PBXGroup;
			children = (
				1A0000000000000000000008 /* Preview Assets.xcassets */,
			);
			path = "Preview Content";
			sourceTree = "<group>";
		};
		1A0000000000000000000022 /* Components */ = {
			isa = PBXGroup;
			children = (
				1A0000000000000000000018 /* AdaptiveButton.swift */,
				1A000000000000000000001A /* LiquidGlassButton.swift */,
				1A000000000000000000001C /* FallbackButton.swift */,
			);
			path = Components;
			sourceTree = "<group>";
		};
		1A0000000000000000000023 /* Products */ = {
			isa = PBXGroup;
			children = (
				1A000000000000000000001D /* VeramoApp.app */,
			);
			name = Products;
			sourceTree = "<group>";
		};
		1A0000000000000000000024 = {
			isa = PBXGroup;
			children = (
				1A000000000000000000001F /* VeramoApp */,
				1A0000000000000000000023 /* Products */,
			);
			sourceTree = "<group>";
		};
		2B0000000000000000000009 /* Config */ = {
			isa = PBXGroup;
			children = (
				2B0000000000000000000002 /* SupabaseConfig.swift */,
			);
			path = Config;
			sourceTree = "<group>";
		};
		2B000000000000000000000A /* Services */ = {
			isa = PBXGroup;
			children = (
				2B0000000000000000000004 /* SupabaseService.swift */,
			);
			path = Services;
			sourceTree = "<group>";
		};
		2B000000000000000000000B /* ViewModels */ = {
			isa = PBXGroup;
			children = (
				2B0000000000000000000006 /* AuthViewModel.swift */,
			);
			path = ViewModels;
			sourceTree = "<group>";
		};
/* End PBXGroup section */

/* Begin PBXNativeTarget section */
		1A0000000000000000000025 /* VeramoApp */ = {
			isa = PBXNativeTarget;
			buildConfigurationList = 1A0000000000000000000026 /* Build configuration list for PBXNativeTarget "VeramoApp" */;
			buildPhases = (
				1A0000000000000000000027 /* Sources */,
				1A000000000000000000001E /* Frameworks */,
				1A0000000000000000000028 /* Resources */,
			);
			buildRules = (
			);
			dependencies = (
			);
			name = VeramoApp;
			productName = VeramoApp;
			productReference = 1A000000000000000000001D /* VeramoApp.app */;
			productType = "com.apple.product-type.application";
		};
/* End PBXNativeTarget section */

/* Begin PBXProject section */
		1A0000000000000000000029 /* Project object */ = {
			isa = PBXProject;
			attributes = {
				BuildIndependentTargetsInParallel = 1;
				LastSwiftUpdateCheck = 1500;
				LastUpgradeCheck = 1500;
				TargetAttributes = {
					1A0000000000000000000025 = {
						CreatedOnToolsVersion = 15.0;
					};
				};
			};
			buildConfigurationList = 1A000000000000000000002A /* Build configuration list for PBXProject "VeramoApp" */;
			compatibilityVersion = "Xcode 14.0";
			developmentRegion = en;
			hasScannedForEncodings = 0;
			knownRegions = (
				en,
				Base,
			);
			mainGroup = 1A0000000000000000000024;
			packageReferences = (
				16F250732E8FD5F100FF3A0F /* XCRemoteSwiftPackageReference "supabase-swift" */,
			);
			productRefGroup = 1A0000000000000000000023 /* Products */;
			projectDirPath = "";
			projectRoot = "";
			targets = (
				1A0000000000000000000025 /* VeramoApp */,
			);
		};
/* End PBXProject section */

/* Begin PBXResourcesBuildPhase section */
		1A0000000000000000000028 /* Resources */ = {
			isa = PBXResourcesBuildPhase;
			buildActionMask = 2147483647;
			files = (
				1A0000000000000000000007 /* Preview Assets.xcassets in Resources */,
				1A0000000000000000000005 /* Assets.xcassets in Resources */,
			);
			runOnlyForDeploymentPostprocessing = 0;
		};
/* End PBXResourcesBuildPhase section */

/* Begin PBXSourcesBuildPhase section */
		1A0000000000000000000027 /* Sources */ = {
			isa = PBXSourcesBuildPhase;
			buildActionMask = 2147483647;
			files = (
				1A0000000000000000000003 /* ContentView.swift in Sources */,
				1A0000000000000000000001 /* VeramoApp.swift in Sources */,
				1A0000000000000000000009 /* MainTabView.swift in Sources */,
				1A000000000000000000000B /* TodayView.swift in Sources */,
				1A000000000000000000000D /* PersonalGalleryView.swift in Sources */,
				1A000000000000000000000F /* CreateMemoryView.swift in Sources */,
				1A0000000000000000000011 /* CalendarView.swift in Sources */,
				1A0000000000000000000013 /* SettingsView.swift in Sources */,
				1A0000000000000000000015 /* CropImageView.swift in Sources */,
				1A0000000000000000000017 /* AdaptiveButton.swift in Sources */,
				1A0000000000000000000019 /* LiquidGlassButton.swift in Sources */,
				1A000000000000000000001B /* FallbackButton.swift in Sources */,
				2B0000000000000000000001 /* SupabaseConfig.swift in Sources */,
				2B0000000000000000000003 /* SupabaseService.swift in Sources */,
				2B0000000000000000000005 /* AuthViewModel.swift in Sources */,
				2B0000000000000000000007 /* AuthView.swift in Sources */,
			);
			runOnlyForDeploymentPostprocessing = 0;
		};
/* End PBXSourcesBuildPhase section */

/* Begin XCBuildConfiguration section */
		1A000000000000000000002B /* Debug */ = {
			isa = XCBuildConfiguration;
			buildSettings = {
				ALWAYS_SEARCH_USER_PATHS = NO;
				ASSETCATALOG_COMPILER_GENERATE_SWIFT_ASSET_SYMBOL_EXTENSIONS = YES;
				CLANG_ANALYZER_NONNULL = YES;
				CLANG_ANALYZER_NUMBER_OBJECT_CONVERSION = YES_AGGRESSIVE;
				CLANG_CXX_LANGUAGE_STANDARD = "gnu++20";
				CLANG_ENABLE_MODULES = YES;
				CLANG_ENABLE_OBJC_ARC = YES;
				CLANG_ENABLE_OBJC_WEAK = YES;
				CLANG_WARN_BLOCK_CAPTURE_AUTORELEASING = YES;
				CLANG_WARN_BOOL_CONVERSION = YES;
				CLANG_WARN_COMMA = YES;
				CLANG_WARN_CONSTANT_CONVERSION = YES;
				CLANG_WARN_DEPRECATED_OBJC_IMPLEMENTATIONS = YES;
				CLANG_WARN_DIRECT_OBJC_ISA_USAGE = YES_ERROR;
				CLANG_WARN_DOCUMENTATION_COMMENTS = YES;
				CLANG_WARN_EMPTY_BODY = YES;
				CLANG_WARN_ENUM_CONVERSION = YES;
				CLANG_WARN_INFINITE_RECURSION = YES;
				CLANG_WARN_INT_CONVERSION = YES;
				CLANG_WARN_NON_LITERAL_NULL_CONVERSION = YES;
				CLANG_WARN_OBJC_IMPLICIT_RETAIN_SELF = YES;
				CLANG_WARN_OBJC_LITERAL_CONVERSION = YES;
				CLANG_WARN_OBJC_ROOT_CLASS = YES_ERROR;
				CLANG_WARN_QUOTED_INCLUDE_IN_FRAMEWORK_HEADER = YES;
				CLANG_WARN_RANGE_LOOP_ANALYSIS = YES;
				CLANG_WARN_STRICT_PROTOTYPES = YES;
				CLANG_WARN_SUSPICIOUS_MOVE = YES;
				CLANG_WARN_UNGUARDED_AVAILABILITY = YES_AGGRESSIVE;
				CLANG_WARN_UNREACHABLE_CODE = YES;
				CLANG_WARN__DUPLICATE_METHOD_MATCH = YES;
				COPY_PHASE_STRIP = NO;
				DEBUG_INFORMATION_FORMAT = dwarf;
				ENABLE_STRICT_OBJC_MSGSEND = YES;
				ENABLE_TESTABILITY = YES;
				ENABLE_USER_SCRIPT_SANDBOXING = YES;
				GCC_C_LANGUAGE_STANDARD = gnu17;
				GCC_DYNAMIC_NO_PIC = NO;
				GCC_NO_COMMON_BLOCKS = YES;
				GCC_OPTIMIZATION_LEVEL = 0;
				GCC_PREPROCESSOR_DEFINITIONS = (
					"DEBUG=1",
					"$(inherited)",
				);
				GCC_WARN_64_TO_32_BIT_CONVERSION = YES;
				GCC_WARN_ABOUT_RETURN_TYPE = YES_ERROR;
				GCC_WARN_UNDECLARED_SELECTOR = YES;
				GCC_WARN_UNINITIALIZED_AUTOS = YES_AGGRESSIVE;
				GCC_WARN_UNUSED_FUNCTION = YES;
				GCC_WARN_UNUSED_VARIABLE = YES;
				IPHONEOS_DEPLOYMENT_TARGET = 17.0;
				LOCALIZATION_PREFERS_STRING_CATALOGS = YES;
				MTL_ENABLE_DEBUG_INFO = INCLUDE_SOURCE;
				MTL_FAST_MATH = YES;
				ONLY_ACTIVE_ARCH = YES;
				SDKROOT = iphoneos;
				SWIFT_ACTIVE_COMPILATION_CONDITIONS = "DEBUG $(inherited)";
				SWIFT_OPTIMIZATION_LEVEL = "-Onone";
			};
			name = Debug;
		};
		1A000000000000000000002C /* Release */ = {
			isa = XCBuildConfiguration;
			buildSettings = {
				ALWAYS_SEARCH_USER_PATHS = NO;
				ASSETCATALOG_COMPILER_GENERATE_SWIFT_ASSET_SYMBOL_EXTENSIONS = YES;
				CLANG_ANALYZER_NONNULL = YES;
				CLANG_ANALYZER_NUMBER_OBJECT_CONVERSION = YES_AGGRESSIVE;
				CLANG_CXX_LANGUAGE_STANDARD = "gnu++20";
				CLANG_ENABLE_MODULES = YES;
				CLANG_ENABLE_OBJC_ARC = YES;
				CLANG_ENABLE_OBJC_WEAK = YES;
				CLANG_WARN_BLOCK_CAPTURE_AUTORELEASING = YES;
				CLANG_WARN_BOOL_CONVERSION = YES;
				CLANG_WARN_COMMA = YES;
				CLANG_WARN_CONSTANT_CONVERSION = YES;
				CLANG_WARN_DEPRECATED_OBJC_IMPLEMENTATIONS = YES;
				CLANG_WARN_DIRECT_OBJC_ISA_USAGE = YES_ERROR;
				CLANG_WARN_QUOTED_INCLUDE_IN_FRAMEWORK_HEADER = YES;
				CLANG_WARN_RANGE_LOOP_ANALYSIS = YES;
				CLANG_WARN_STRICT_PROTOTYPES = YES;
				CLANG_WARN_SUSPICIOUS_MOVE = YES;
				CLANG_WARN_UNGUARDED_AVAILABILITY = YES_AGGRESSIVE;
				CLANG_WARN_UNREACHABLE_CODE = YES;
				CLANG_WARN__DUPLICATE_METHOD_MATCH = YES;
				COPY_PHASE_STRIP = NO;
				DEBUG_INFORMATION_FORMAT = "dwarf-with-dsym";
				ENABLE_NS_ASSERTIONS = NO;
				ENABLE_STRICT_OBJC_MSGSEND = YES;
				ENABLE_USER_SCRIPT_SANDBOXING = YES;
				GCC_C_LANGUAGE_STANDARD = gnu17;
				GCC_NO_COMMON_BLOCKS = YES;
				GCC_WARN_64_TO_32_BIT_CONVERSION = YES;
				GCC_WARN_ABOUT_RETURN_TYPE = YES_ERROR;
				GCC_WARN_UNDECLARED_SELECTOR = YES;
				GCC_WARN_UNINITIALIZED_AUTOS = YES_AGGRESSIVE;
				GCC_WARN_UNUSED_FUNCTION = YES;
				GCC_WARN_UNUSED_VARIABLE = YES;
				IPHONEOS_DEPLOYMENT_TARGET = 17.0;
				LOCALIZATION_PREFERS_STRING_CATALOGS = YES;
				MTL_ENABLE_DEBUG_INFO = NO;
				MTL_FAST_MATH = YES;
				SDKROOT = iphoneos;
				SWIFT_COMPILATION_MODE = wholemodule;
				VALIDATE_PRODUCT = YES;
			};
			name = Release;
		};
		1A000000000000000000002D /* Debug */ = {
			isa = XCBuildConfiguration;
			buildSettings = {
				ASSETCATALOG_COMPILER_APPICON_NAME = AppIcon;
				ASSETCATALOG_COMPILER_GLOBAL_ACCENT_COLOR_NAME = AccentColor;
				CODE_SIGN_ENTITLEMENTS = VeramoApp/VeramoApp.entitlements;
				CODE_SIGN_STYLE = Automatic;
				CURRENT_PROJECT_VERSION = 1;
				DEVELOPMENT_ASSET_PATHS = "\"VeramoApp/Preview Content\"";
				DEVELOPMENT_TEAM = 5TNR5YFY6S;
				ENABLE_PREVIEWS = YES;
				GENERATE_INFOPLIST_FILE = YES;
				INFOPLIST_FILE = VeramoApp/Info.plist;
				INFOPLIST_KEY_UIApplicationSceneManifest_Generation = YES;
				INFOPLIST_KEY_UIApplicationSupportsIndirectInputEvents = YES;
				INFOPLIST_KEY_UILaunchScreen_Generation = YES;
				INFOPLIST_KEY_UISupportedInterfaceOrientations_iPad = "UIInterfaceOrientationPortrait UIInterfaceOrientationPortraitUpsideDown UIInterfaceOrientationLandscapeLeft UIInterfaceOrientationLandscapeRight";
				INFOPLIST_KEY_UISupportedInterfaceOrientations_iPhone = "UIInterfaceOrientationPortrait UIInterfaceOrientationLandscapeLeft UIInterfaceOrientationLandscapeRight";
				LD_RUNPATH_SEARCH_PATHS = (
					"$(inherited)",
					"@executable_path/Frameworks",
				);
				MARKETING_VERSION = 1.0;
				PRODUCT_BUNDLE_IDENTIFIER = com.omerdemirtas.veramo;
				PRODUCT_NAME = "$(TARGET_NAME)";
				SWIFT_EMIT_LOC_STRINGS = YES;
				SWIFT_VERSION = 5.0;
				TARGETED_DEVICE_FAMILY = "1,2";
			};
			name = Debug;
		};
		1A000000000000000000002E /* Release */ = {
			isa = XCBuildConfiguration;
			buildSettings = {
				ASSETCATALOG_COMPILER_APPICON_NAME = AppIcon;
				ASSETCATALOG_COMPILER_GLOBAL_ACCENT_COLOR_NAME = AccentColor;
				CODE_SIGN_ENTITLEMENTS = VeramoApp/VeramoApp.entitlements;
				CODE_SIGN_STYLE = Automatic;
				CURRENT_PROJECT_VERSION = 1;
				DEVELOPMENT_ASSET_PATHS = "\"VeramoApp/Preview Content\"";
				DEVELOPMENT_TEAM = 5TNR5YFY6S;
				ENABLE_PREVIEWS = YES;
				GENERATE_INFOPLIST_FILE = YES;
				INFOPLIST_FILE = VeramoApp/Info.plist;
				INFOPLIST_KEY_UIApplicationSceneManifest_Generation = YES;
				INFOPLIST_KEY_UIApplicationSupportsIndirectInputEvents = YES;
				INFOPLIST_KEY_UILaunchScreen_Generation = YES;
				INFOPLIST_KEY_UISupportedInterfaceOrientations_iPad = "UIInterfaceOrientationPortrait UIInterfaceOrientationPortraitUpsideDown UIInterfaceOrientationLandscapeLeft UIInterfaceOrientationLandscapeRight";
				INFOPLIST_KEY_UISupportedInterfaceOrientations_iPhone = "UIInterfaceOrientationPortrait UIInterfaceOrientationLandscapeLeft UIInterfaceOrientationLandscapeRight";
				LD_RUNPATH_SEARCH_PATHS = (
					"$(inherited)",
					"@executable_path/Frameworks",
				);
				MARKETING_VERSION = 1.0;
				PRODUCT_BUNDLE_IDENTIFIER = com.omerdemirtas.veramo;
				PRODUCT_NAME = "$(TARGET_NAME)";
				SWIFT_EMIT_LOC_STRINGS = YES;
				SWIFT_VERSION = 5.0;
				TARGETED_DEVICE_FAMILY = "1,2";
			};
			name = Release;
		};
/* End XCBuildConfiguration section */

/* Begin XCConfigurationList section */
		1A0000000000000000000026 /* Build configuration list for PBXNativeTarget "VeramoApp" */ = {
			isa = XCConfigurationList;
			buildConfigurations = (
				1A000000000000000000002D /* Debug */,
				1A000000000000000000002E /* Release */,
			);
			defaultConfigurationIsVisible = 0;
			defaultConfigurationName = Release;
		};
		1A000000000000000000002A /* Build configuration list for PBXProject "VeramoApp" */ = {
			isa = XCConfigurationList;
			buildConfigurations = (
				1A000000000000000000002B /* Debug */,
				1A000000000000000000002C /* Release */,
			);
			defaultConfigurationIsVisible = 0;
			defaultConfigurationName = Release;
		};
/* End XCConfigurationList section */

/* Begin XCRemoteSwiftPackageReference section */
		16F250732E8FD5F100FF3A0F /* XCRemoteSwiftPackageReference "supabase-swift" */ = {
			isa = XCRemoteSwiftPackageReference;
			repositoryURL = "https://github.com/supabase-community/supabase-swift";
			requirement = {
				kind = upToNextMajorVersion;
				minimumVersion = 2.5.1;
			};
		};
/* End XCRemoteSwiftPackageReference section */

/* Begin XCSwiftPackageProductDependency section */
		16F250742E8FD5F100FF3A0F /* Auth */ = {
			isa = XCSwiftPackageProductDependency;
			package = 16F250732E8FD5F100FF3A0F /* XCRemoteSwiftPackageReference "supabase-swift" */;
			productName = Auth;
		};
		16F250762E8FD5F100FF3A0F /* Functions */ = {
			isa = XCSwiftPackageProductDependency;
			package = 16F250732E8FD5F100FF3A0F /* XCRemoteSwiftPackageReference "supabase-swift" */;
			productName = Functions;
		};
		16F250782E8FD5F100FF3A0F /* PostgREST */ = {
			isa = XCSwiftPackageProductDependency;
			package = 16F250732E8FD5F100FF3A0F /* XCRemoteSwiftPackageReference "supabase-swift" */;
			productName = PostgREST;
		};
		16F2507A2E8FD5F100FF3A0F /* Realtime */ = {
			isa = XCSwiftPackageProductDependency;
			package = 16F250732E8FD5F100FF3A0F /* XCRemoteSwiftPackageReference "supabase-swift" */;
			productName = Realtime;
		};
		16F2507C2E8FD5F100FF3A0F /* Storage */ = {
			isa = XCSwiftPackageProductDependency;
			package = 16F250732E8FD5F100FF3A0F /* XCRemoteSwiftPackageReference "supabase-swift" */;
			productName = Storage;
		};
		16F2507E2E8FD5F100FF3A0F /* Supabase */ = {
			isa = XCSwiftPackageProductDependency;
			package = 16F250732E8FD5F100FF3A0F /* XCRemoteSwiftPackageReference "supabase-swift" */;
			productName = Supabase;
		};
/* End XCSwiftPackageProductDependency section */
	};
	rootObject = 1A0000000000000000000029 /* Project object */;
}
